
Microsoft Visual Studio Solution File, Format Version 12.00
# Visual Studio Version 16
VisualStudioVersion = 16.0.31829.152
MinimumVisualStudioVersion = 10.0.40219.1
Project("{FAE04EC0-301F-11D3-BF4B-00C04F79EFBC}") = "ExerciseClass", "ExerciseClass\ExerciseClass.csproj", "{0F416B63-7653-4CBA-9FC5-48B8C1CAD731}"
EndProject
Global
	GlobalSection(SolutionConfigurationPlatforms) = preSolution
		Debug|Any CPU = Debug|Any CPU
		Release|Any CPU = Release|Any CPU
	EndGlobalSection
	GlobalSection(ProjectConfigurationPlatforms) = postSolution
		{0F416B63-7653-4CBA-9FC5-48B8C1CAD731}.Debug|Any CPU.ActiveCfg = Debug|Any CPU
		{0F416B63-7653-4CBA-9FC5-48B8C1CAD731}.Debug|Any CPU.Build.0 = Debug|Any CPU
		{0F416B63-7653-4CBA-9FC5-48B8C1CAD731}.Release|Any CPU.ActiveCfg = Release|Any CPU
		{0F416B63-7653-4CBA-9FC5-48B8C1CAD731}.Release|Any CPU.Build.0 = Release|Any CPU
	EndGlobalSection
	GlobalSection(SolutionProperties) = preSolution
		HideSolutionNode = FALSE
	EndGlobalSection
	GlobalSection(ExtensibilityGlobals) = postSolution
		SolutionGuid = {2F6F4C32-E712-4715-B24B-370B7D7B6E1D}
	EndGlobalSection
EndGlobal
